
Microsoft Visual Studio Solution File, Format Version 12.00
# Visual Studio Version 16
VisualStudioVersion = 16.0.31410.357
MinimumVisualStudioVersion = 10.0.40219.1
Project("{FAE04EC0-301F-11D3-BF4B-00C04F79EFBC}") = "CodeBlogFitness.BL", "CodeBlogFitness.BL\CodeBlogFitness.BL.csproj", "{2706C822-D65A-4D22-9A26-BA9BC081CD83}"
EndProject
Project("{FAE04EC0-301F-11D3-BF4B-00C04F79EFBC}") = "CodeBlogFitness.CMD", "CodeBlogFitness.CMD\CodeBlogFitness.CMD.csproj", "{9BDD0A8C-20BE-4564-A494-34462F1F609D}"
EndProject
Global
	GlobalSection(SolutionConfigurationPlatforms) = preSolution
		Debug|Any CPU = Debug|Any CPU
		Release|Any CPU = Release|Any CPU
	EndGlobalSection
	GlobalSection(ProjectConfigurationPlatforms) = postSolution
		{2706C822-D65A-4D22-9A26-BA9BC081CD83}.Debug|Any CPU.ActiveCfg = Debug|Any CPU
		{2706C822-D65A-4D22-9A26-BA9BC081CD83}.Debug|Any CPU.Build.0 = Debug|Any CPU
		{2706C822-D65A-4D22-9A26-BA9BC081CD83}.Release|Any CPU.ActiveCfg = Release|Any CPU
		{2706C822-D65A-4D22-9A26-BA9BC081CD83}.Release|Any CPU.Build.0 = Release|Any CPU
		{9BDD0A8C-20BE-4564-A494-34462F1F609D}.Debug|Any CPU.ActiveCfg = Debug|Any CPU
		{9BDD0A8C-20BE-4564-A494-34462F1F609D}.Debug|Any CPU.Build.0 = Debug|Any CPU
		{9BDD0A8C-20BE-4564-A494-34462F1F609D}.Release|Any CPU.ActiveCfg = Release|Any CPU
		{9BDD0A8C-20BE-4564-A494-34462F1F609D}.Release|Any CPU.Build.0 = Release|Any CPU
	EndGlobalSection
	GlobalSection(SolutionProperties) = preSolution
		HideSolutionNode = FALSE
	EndGlobalSection
	GlobalSection(ExtensibilityGlobals) = postSolution
		SolutionGuid = {FA680506-3636-4958-BFF3-A82110EF76A5}
	EndGlobalSection
EndGlobal
